{
  "version": 4,
  "terraform_version": "1.8.4",
  "serial": 1,
  "lineage": "755bbaf4-ef22-4c2b-ebd4-d6f55bfaf74c",
  "outputs": {},
  "resources": [
    {
      "mode": "managed",
      "type": "azurerm_resource_group",
      "name": "example",
      "provider": "provider[\"registry.terraform.io/hashicorp/azurerm\"]",
      "instances": [
        {
          "schema_version": 0,
          "attributes": {
            "id": "/subscriptions/8f55dd86-456b-420e-a4a7-427f8832682b/resourceGroups/example-cursor-rg",
            "location": "eastus",
            "managed_by": "",
            "name": "example-cursor-rg",
            "tags": {
              "created_by": "terraform",
              "environment": "demo"
            },
            "timeouts": null
          },
          "sensitive_attributes": [],
          "private": "eyJlMmJmYjczMC1lY2FhLTExZTYtOGY4OC0zNDM2M2JjN2M0YzAiOnsiY3JlYXRlIjo1NDAwMDAwMDAwMDAwLCJkZWxldGUiOjU0MDAwMDAwMDAwMDAsInJlYWQiOjMwMDAwMDAwMDAwMCwidXBkYXRlIjo1NDAwMDAwMDAwMDAwfX0="
        }
      ]
    }
  ],
  "check_results": null
}
